
Microsoft Visual Studio Solution File, Format Version 12.00
# Visual Studio Version 17
VisualStudioVersion = 17.4.33122.133
MinimumVisualStudioVersion = 10.0.40219.1
Project("{9A19103F-16F7-4668-BE54-9A1E7A4F7556}") = "CompanyEmployees", "CompanyEmployees\CompanyEmployees.csproj", "{45945416-FB7B-4758-BC30-B4268B80FAEA}"
EndProject
Project("{9A19103F-16F7-4668-BE54-9A1E7A4F7556}") = "Contracts", "Contracts\Contracts.csproj", "{CACF17A6-92AC-4094-A1A3-5AA2593E3813}"
EndProject
Project("{9A19103F-16F7-4668-BE54-9A1E7A4F7556}") = "LoggerService", "LoggerService\LoggerService.csproj", "{E3DF2D7A-E715-43A7-9312-FEC3F0439615}"
EndProject
Project("{FAE04EC0-301F-11D3-BF4B-00C04F79EFBC}") = "Entities", "Entities\Entities.csproj", "{E5A811BC-5E1A-45DB-AF56-96CA9D015AB2}"
EndProject
Project("{FAE04EC0-301F-11D3-BF4B-00C04F79EFBC}") = "Repository", "Repository\Repository.csproj", "{63B8D91F-303C-4AFA-986E-BE2C2F809B19}"
EndProject
Project("{FAE04EC0-301F-11D3-BF4B-00C04F79EFBC}") = "Service.Contracts", "Service.Contracts\Service.Contracts.csproj", "{175770AB-6379-49C0-9468-69D22390A412}"
EndProject
Project("{FAE04EC0-301F-11D3-BF4B-00C04F79EFBC}") = "Service", "Service\Service.csproj", "{D372D8E1-177D-4408-A66D-2E34CC86FD28}"
EndProject
Project("{FAE04EC0-301F-11D3-BF4B-00C04F79EFBC}") = "CompanyEmployees.Presentation", "CompanyEmployees.Presentation\CompanyEmployees.Presentation.csproj", "{26602ACA-E13F-440C-B274-E90851A15C57}"
EndProject
Project("{FAE04EC0-301F-11D3-BF4B-00C04F79EFBC}") = "Shared", "Shared\Shared.csproj", "{AEFFFDE5-D54A-4665-B1AD-EAD9325538FC}"
EndProject
Global
	GlobalSection(SolutionConfigurationPlatforms) = preSolution
		Debug|Any CPU = Debug|Any CPU
		Release|Any CPU = Release|Any CPU
	EndGlobalSection
	GlobalSection(ProjectConfigurationPlatforms) = postSolution
		{45945416-FB7B-4758-BC30-B4268B80FAEA}.Debug|Any CPU.ActiveCfg = Debug|Any CPU
		{45945416-FB7B-4758-BC30-B4268B80FAEA}.Debug|Any CPU.Build.0 = Debug|Any CPU
		{45945416-FB7B-4758-BC30-B4268B80FAEA}.Release|Any CPU.ActiveCfg = Release|Any CPU
		{45945416-FB7B-4758-BC30-B4268B80FAEA}.Release|Any CPU.Build.0 = Release|Any CPU
		{CACF17A6-92AC-4094-A1A3-5AA2593E3813}.Debug|Any CPU.ActiveCfg = Debug|Any CPU
		{CACF17A6-92AC-4094-A1A3-5AA2593E3813}.Debug|Any CPU.Build.0 = Debug|Any CPU
		{CACF17A6-92AC-4094-A1A3-5AA2593E3813}.Release|Any CPU.ActiveCfg = Release|Any CPU
		{CACF17A6-92AC-4094-A1A3-5AA2593E3813}.Release|Any CPU.Build.0 = Release|Any CPU
		{E3DF2D7A-E715-43A7-9312-FEC3F0439615}.Debug|Any CPU.ActiveCfg = Debug|Any CPU
		{E3DF2D7A-E715-43A7-9312-FEC3F0439615}.Debug|Any CPU.Build.0 = Debug|Any CPU
		{E3DF2D7A-E715-43A7-9312-FEC3F0439615}.Release|Any CPU.ActiveCfg = Release|Any CPU
		{E3DF2D7A-E715-43A7-9312-FEC3F0439615}.Release|Any CPU.Build.0 = Release|Any CPU
		{E5A811BC-5E1A-45DB-AF56-96CA9D015AB2}.Debug|Any CPU.ActiveCfg = Debug|Any CPU
		{E5A811BC-5E1A-45DB-AF56-96CA9D015AB2}.Debug|Any CPU.Build.0 = Debug|Any CPU
		{E5A811BC-5E1A-45DB-AF56-96CA9D015AB2}.Release|Any CPU.ActiveCfg = Release|Any CPU
		{E5A811BC-5E1A-45DB-AF56-96CA9D015AB2}.Release|Any CPU.Build.0 = Release|Any CPU
		{63B8D91F-303C-4AFA-986E-BE2C2F809B19}.Debug|Any CPU.ActiveCfg = Debug|Any CPU
		{63B8D91F-303C-4AFA-986E-BE2C2F809B19}.Debug|Any CPU.Build.0 = Debug|Any CPU
		{63B8D91F-303C-4AFA-986E-BE2C2F809B19}.Release|Any CPU.ActiveCfg = Release|Any CPU
		{63B8D91F-303C-4AFA-986E-BE2C2F809B19}.Release|Any CPU.Build.0 = Release|Any CPU
		{175770AB-6379-49C0-9468-69D22390A412}.Debug|Any CPU.ActiveCfg = Debug|Any CPU
		{175770AB-6379-49C0-9468-69D22390A412}.Debug|Any CPU.Build.0 = Debug|Any CPU
		{175770AB-6379-49C0-9468-69D22390A412}.Release|Any CPU.ActiveCfg = Release|Any CPU
		{175770AB-6379-49C0-9468-69D22390A412}.Release|Any CPU.Build.0 = Release|Any CPU
		{D372D8E1-177D-4408-A66D-2E34CC86FD28}.Debug|Any CPU.ActiveCfg = Debug|Any CPU
		{D372D8E1-177D-4408-A66D-2E34CC86FD28}.Debug|Any CPU.Build.0 = Debug|Any CPU
		{D372D8E1-177D-4408-A66D-2E34CC86FD28}.Release|Any CPU.ActiveCfg = Release|Any CPU
		{D372D8E1-177D-4408-A66D-2E34CC86FD28}.Release|Any CPU.Build.0 = Release|Any CPU
		{26602ACA-E13F-440C-B274-E90851A15C57}.Debug|Any CPU.ActiveCfg = Debug|Any CPU
		{26602ACA-E13F-440C-B274-E90851A15C57}.Debug|Any CPU.Build.0 = Debug|Any CPU
		{26602ACA-E13F-440C-B274-E90851A15C57}.Release|Any CPU.ActiveCfg = Release|Any CPU
		{26602ACA-E13F-440C-B274-E90851A15C57}.Release|Any CPU.Build.0 = Release|Any CPU
		{AEFFFDE5-D54A-4665-B1AD-EAD9325538FC}.Debug|Any CPU.ActiveCfg = Debug|Any CPU
		{AEFFFDE5-D54A-4665-B1AD-EAD9325538FC}.Debug|Any CPU.Build.0 = Debug|Any CPU
		{AEFFFDE5-D54A-4665-B1AD-EAD9325538FC}.Release|Any CPU.ActiveCfg = Release|Any CPU
		{AEFFFDE5-D54A-4665-B1AD-EAD9325538FC}.Release|Any CPU.Build.0 = Release|Any CPU
	EndGlobalSection
	GlobalSection(SolutionProperties) = preSolution
		HideSolutionNode = FALSE
	EndGlobalSection
	GlobalSection(ExtensibilityGlobals) = postSolution
		SolutionGuid = {D36428E4-630A-4A8D-9815-E252A0A449CF}
	EndGlobalSection
EndGlobal
